
Microsoft Visual Studio Solution File, Format Version 12.00
# Visual Studio Version 17
VisualStudioVersion = 17.5.002.0
MinimumVisualStudioVersion = 10.0.40219.1
Project("{9A19103F-16F7-4668-BE54-9A1E7A4F7556}") = "EditorHtml", "EditorHtml.csproj", "{BB087A42-6F47-41F5-916E-15017AE1EDAD}"
EndProject
Global
	GlobalSection(SolutionConfigurationPlatforms) = preSolution
		Debug|Any CPU = Debug|Any CPU
		Release|Any CPU = Release|Any CPU
	EndGlobalSection
	GlobalSection(ProjectConfigurationPlatforms) = postSolution
		{BB087A42-6F47-41F5-916E-15017AE1EDAD}.Debug|Any CPU.ActiveCfg = Debug|Any CPU
		{BB087A42-6F47-41F5-916E-15017AE1EDAD}.Debug|Any CPU.Build.0 = Debug|Any CPU
		{BB087A42-6F47-41F5-916E-15017AE1EDAD}.Release|Any CPU.ActiveCfg = Release|Any CPU
		{BB087A42-6F47-41F5-916E-15017AE1EDAD}.Release|Any CPU.Build.0 = Release|Any CPU
	EndGlobalSection
	GlobalSection(SolutionProperties) = preSolution
		HideSolutionNode = FALSE
	EndGlobalSection
	GlobalSection(ExtensibilityGlobals) = postSolution
		SolutionGuid = {BBD8F315-D6FC-4D2D-89CD-70375F54EEB8}
	EndGlobalSection
EndGlobal
